
Microsoft Visual Studio Solution File, Format Version 12.00
# Visual Studio Version 17
VisualStudioVersion = 17.4.33213.308
MinimumVisualStudioVersion = 10.0.40219.1
Project("{FAE04EC0-301F-11D3-BF4B-00C04F79EFBC}") = "COMP003A.Assignment1", "COMP003A.Assignment1\COMP003A.Assignment1.csproj", "{68506864-595E-4868-A1F9-ABF819957FBF}"
EndProject
Global
	GlobalSection(SolutionConfigurationPlatforms) = preSolution
		Debug|Any CPU = Debug|Any CPU
		Release|Any CPU = Release|Any CPU
	EndGlobalSection
	GlobalSection(ProjectConfigurationPlatforms) = postSolution
		{68506864-595E-4868-A1F9-ABF819957FBF}.Debug|Any CPU.ActiveCfg = Debug|Any CPU
		{68506864-595E-4868-A1F9-ABF819957FBF}.Debug|Any CPU.Build.0 = Debug|Any CPU
		{68506864-595E-4868-A1F9-ABF819957FBF}.Release|Any CPU.ActiveCfg = Release|Any CPU
		{68506864-595E-4868-A1F9-ABF819957FBF}.Release|Any CPU.Build.0 = Release|Any CPU
	EndGlobalSection
	GlobalSection(SolutionProperties) = preSolution
		HideSolutionNode = FALSE
	EndGlobalSection
	GlobalSection(ExtensibilityGlobals) = postSolution
		SolutionGuid = {C0235800-BCB4-45AD-99CC-EB2CE82AFE29}
	EndGlobalSection
EndGlobal
